// !$*UTF8*$!
{
	archiveVersion = 1;
	classes = {
	};
	objectVersion = 77;
	objects = {

/* Begin PBXContainerItemProxy section */
		429518722D303D4F00D9A43A /* PBXContainerItemProxy */ = {
			isa = PBXContainerItemProxy;
			containerPortal = 429518592D303D4C00D9A43A /* Project object */;
			proxyType = 1;
			remoteGlobalIDString = 429518602D303D4C00D9A43A;
			remoteInfo = MyDictionay;
		};
		4295187C2D303D4F00D9A43A /* PBXContainerItemProxy */ = {
			isa = PBXContainerItemProxy;
			containerPortal = 429518592D303D4C00D9A43A /* Project object */;
			proxyType = 1;
			remoteGlobalIDString = 429518602D303D4C00D9A43A;
			remoteInfo = MyDictionay;
		};
/* End PBXContainerItemProxy section */

/* Begin PBXFileReference section */
		429518612D303D4C00D9A43A /* MyDictionay.app */ = {isa = PBXFileReference; explicitFileType = wrapper.application; includeInIndex = 0; path = MyDictionay.app; sourceTree = BUILT_PRODUCTS_DIR; };
		429518712D303D4F00D9A43A /* MyDictionayTests.xctest */ = {isa = PBXFileReference; explicitFileType = wrapper.cfbundle; includeInIndex = 0; path = MyDictionayTests.xctest; sourceTree = BUILT_PRODUCTS_DIR; };
		4295187B2D303D4F00D9A43A /* MyDictionayUITests.xctest */ = {isa = PBXFileReference; explicitFileType = wrapper.cfbundle; includeInIndex = 0; path = MyDictionayUITests.xctest; sourceTree = BUILT_PRODUCTS_DIR; };
/* End PBXFileReference section */

/* Begin PBXFileSystemSynchronizedBuildFileExceptionSet section */
		429518922D303DB800D9A43A /* Exceptions for "MyDictionay" folder in "MyDictionayUITests" target */ = {
			isa = PBXFileSystemSynchronizedBuildFileExceptionSet;
			membershipExceptions = (
				Classes/DefaultFetchWordMeaningUseCase.swift,
				Classes/FetchWordMeaningUseCase.swift,
				Models/Definition.swift,
				Models/DefinitionResponse.swift,
				Models/DictionaryResponse.swift,
				Models/Meaning.swift,
				Models/MeaningResponse.swift,
				Models/Phonetic.swift,
				Models/WordMeaning.swift,
				Network/DictionaryRepository.swift,
				Protocols/DictionaryRepositoryProtocol.swift,
				Protocols/FetchWordMeaningUseCaseProtocol.swift,
				ViewModels/DictionaryViewModel.swift,
				Views/DictionaryView.swift,
			);
			target = 4295187A2D303D4F00D9A43A /* MyDictionayUITests */;
		};
/* End PBXFileSystemSynchronizedBuildFileExceptionSet section */

/* Begin PBXFileSystemSynchronizedRootGroup section */
		429518632D303D4C00D9A43A /* MyDictionay */ = {
			isa = PBXFileSystemSynchronizedRootGroup;
			exceptions = (
				429518922D303DB800D9A43A /* Exceptions for "MyDictionay" folder in "MyDictionayUITests" target */,
			);
			path = MyDictionay;
			sourceTree = "<group>";
		};
		429518742D303D4F00D9A43A /* MyDictionayTests */ = {
			isa = PBXFileSystemSynchronizedRootGroup;
			path = MyDictionayTests;
			sourceTree = "<group>";
		};
		4295187E2D303D4F00D9A43A /* MyDictionayUITests */ = {
			isa = PBXFileSystemSynchronizedRootGroup;
			path = MyDictionayUITests;
			sourceTree = "<group>";
		};
/* End PBXFileSystemSynchronizedRootGroup section */

/* Begin PBXFrameworksBuildPhase section */
		4295185E2D303D4C00D9A43A /* Frameworks */ = {
			isa = PBXFrameworksBuildPhase;
			buildActionMask = 2147483647;
			files = (
			);
			runOnlyForDeploymentPostprocessing = 0;
		};
		4295186E2D303D4F00D9A43A /* Frameworks */ = {
			isa = PBXFrameworksBuildPhase;
			buildActionMask = 2147483647;
			files = (
			);
			runOnlyForDeploymentPostprocessing = 0;
		};
		429518782D303D4F00D9A43A /* Frameworks */ = {
			isa = PBXFrameworksBuildPhase;
			buildActionMask = 2147483647;
			files = (
			);
			runOnlyForDeploymentPostprocessing = 0;
		};
/* End PBXFrameworksBuildPhase section */

/* Begin PBXGroup section */
		429518582D303D4C00D9A43A = {
			isa = PBXGroup;
			children = (
				429518632D303D4C00D9A43A /* MyDictionay */,
				429518742D303D4F00D9A43A /* MyDictionayTests */,
				4295187E2D303D4F00D9A43A /* MyDictionayUITests */,
				429518622D303D4C00D9A43A /* Products */,
			);
			sourceTree = "<group>";
		};
		429518622D303D4C00D9A43A /* Products */ = {
			isa = PBXGroup;
			children = (
				429518612D303D4C00D9A43A /* MyDictionay.app */,
				429518712D303D4F00D9A43A /* MyDictionayTests.xctest */,
				4295187B2D303D4F00D9A43A /* MyDictionayUITests.xctest */,
			);
			name = Products;
			sourceTree = "<group>";
		};
/* End PBXGroup section */

/* Begin PBXNativeTarget section */
		429518602D303D4C00D9A43A /* MyDictionay */ = {
			isa = PBXNativeTarget;
			buildConfigurationList = 429518852D303D4F00D9A43A /* Build configuration list for PBXNativeTarget "MyDictionay" */;
			buildPhases = (
				4295185D2D303D4C00D9A43A /* Sources */,
				4295185E2D303D4C00D9A43A /* Frameworks */,
				4295185F2D303D4C00D9A43A /* Resources */,
			);
			buildRules = (
			);
			dependencies = (
			);
			fileSystemSynchronizedGroups = (
				429518632D303D4C00D9A43A /* MyDictionay */,
			);
			name = MyDictionay;
			packageProductDependencies = (
			);
			productName = MyDictionay;
			productReference = 429518612D303D4C00D9A43A /* MyDictionay.app */;
			productType = "com.apple.product-type.application";
		};
		429518702D303D4F00D9A43A /* MyDictionayTests */ = {
			isa = PBXNativeTarget;
			buildConfigurationList = 429518882D303D4F00D9A43A /* Build configuration list for PBXNativeTarget "MyDictionayTests" */;
			buildPhases = (
				4295186D2D303D4F00D9A43A /* Sources */,
				4295186E2D303D4F00D9A43A /* Frameworks */,
				4295186F2D303D4F00D9A43A /* Resources */,
			);
			buildRules = (
			);
			dependencies = (
				429518732D303D4F00D9A43A /* PBXTargetDependency */,
			);
			fileSystemSynchronizedGroups = (
				429518742D303D4F00D9A43A /* MyDictionayTests */,
			);
			name = MyDictionayTests;
			packageProductDependencies = (
			);
			productName = MyDictionayTests;
			productReference = 429518712D303D4F00D9A43A /* MyDictionayTests.xctest */;
			productType = "com.apple.product-type.bundle.unit-test";
		};
		4295187A2D303D4F00D9A43A /* MyDictionayUITests */ = {
			isa = PBXNativeTarget;
			buildConfigurationList = 4295188B2D303D4F00D9A43A /* Build configuration list for PBXNativeTarget "MyDictionayUITests" */;
			buildPhases = (
				429518772D303D4F00D9A43A /* Sources */,
				429518782D303D4F00D9A43A /* Frameworks */,
				429518792D303D4F00D9A43A /* Resources */,
			);
			buildRules = (
			);
			dependencies = (
				4295187D2D303D4F00D9A43A /* PBXTargetDependency */,
			);
			fileSystemSynchronizedGroups = (
				4295187E2D303D4F00D9A43A /* MyDictionayUITests */,
			);
			name = MyDictionayUITests;
			packageProductDependencies = (
			);
			productName = MyDictionayUITests;
			productReference = 4295187B2D303D4F00D9A43A /* MyDictionayUITests.xctest */;
			productType = "com.apple.product-type.bundle.ui-testing";
		};
/* End PBXNativeTarget section */

/* Begin PBXProject section */
		429518592D303D4C00D9A43A /* Project object */ = {
			isa = PBXProject;
			attributes = {
				BuildIndependentTargetsInParallel = 1;
				LastSwiftUpdateCheck = 1620;
				LastUpgradeCheck = 1620;
				TargetAttributes = {
					429518602D303D4C00D9A43A = {
						CreatedOnToolsVersion = 16.2;
					};
					429518702D303D4F00D9A43A = {
						CreatedOnToolsVersion = 16.2;
						TestTargetID = 429518602D303D4C00D9A43A;
					};
					4295187A2D303D4F00D9A43A = {
						CreatedOnToolsVersion = 16.2;
						TestTargetID = 429518602D303D4C00D9A43A;
					};
				};
			};
			buildConfigurationList = 4295185C2D303D4C00D9A43A /* Build configuration list for PBXProject "MyDictionay" */;
			developmentRegion = en;
			hasScannedForEncodings = 0;
			knownRegions = (
				en,
				Base,
			);
			mainGroup = 429518582D303D4C00D9A43A;
			minimizedProjectReferenceProxies = 1;
			preferredProjectObjectVersion = 77;
			productRefGroup = 429518622D303D4C00D9A43A /* Products */;
			projectDirPath = "";
			projectRoot = "";
			targets = (
				429518602D303D4C00D9A43A /* MyDictionay */,
				429518702D303D4F00D9A43A /* MyDictionayTests */,
				4295187A2D303D4F00D9A43A /* MyDictionayUITests */,
			);
		};
/* End PBXProject section */

/* Begin PBXResourcesBuildPhase section */
		4295185F2D303D4C00D9A43A /* Resources */ = {
			isa = PBXResourcesBuildPhase;
			buildActionMask = 2147483647;
			files = (
			);
			runOnlyForDeploymentPostprocessing = 0;
		};
		4295186F2D303D4F00D9A43A /* Resources */ = {
			isa = PBXResourcesBuildPhase;
			buildActionMask = 2147483647;
			files = (
			);
			runOnlyForDeploymentPostprocessing = 0;
		};
		429518792D303D4F00D9A43A /* Resources */ = {
			isa = PBXResourcesBuildPhase;
			buildActionMask = 2147483647;
			files = (
			);
			runOnlyForDeploymentPostprocessing = 0;
		};
/* End PBXResourcesBuildPhase section */

/* Begin PBXSourcesBuildPhase section */
		4295185D2D303D4C00D9A43A /* Sources */ = {
			isa = PBXSourcesBuildPhase;
			buildActionMask = 2147483647;
			files = (
			);
			runOnlyForDeploymentPostprocessing = 0;
		};
		4295186D2D303D4F00D9A43A /* Sources */ = {
			isa = PBXSourcesBuildPhase;
			buildActionMask = 2147483647;
			files = (
			);
			runOnlyForDeploymentPostprocessing = 0;
		};
		429518772D303D4F00D9A43A /* Sources */ = {
			isa = PBXSourcesBuildPhase;
			buildActionMask = 2147483647;
			files = (
			);
			runOnlyForDeploymentPostprocessing = 0;
		};
/* End PBXSourcesBuildPhase section */

/* Begin PBXTargetDependency section */
		429518732D303D4F00D9A43A /* PBXTargetDependency */ = {
			isa = PBXTargetDependency;
			target = 429518602D303D4C00D9A43A /* MyDictionay */;
			targetProxy = 429518722D303D4F00D9A43A /* PBXContainerItemProxy */;
		};
		4295187D2D303D4F00D9A43A /* PBXTargetDependency */ = {
			isa = PBXTargetDependency;
			target = 429518602D303D4C00D9A43A /* MyDictionay */;
			targetProxy = 4295187C2D303D4F00D9A43A /* PBXContainerItemProxy */;
		};
/* End PBXTargetDependency section */

/* Begin XCBuildConfiguration section */
		429518832D303D4F00D9A43A /* Debug */ = {
			isa = XCBuildConfiguration;
			buildSettings = {
				ALWAYS_SEARCH_USER_PATHS = NO;
				ASSETCATALOG_COMPILER_GENERATE_SWIFT_ASSET_SYMBOL_EXTENSIONS = YES;
				CLANG_ANALYZER_NONNULL = YES;
				CLANG_ANALYZER_NUMBER_OBJECT_CONVERSION = YES_AGGRESSIVE;
				CLANG_CXX_LANGUAGE_STANDARD = "gnu++20";
				CLANG_ENABLE_MODULES = YES;
				CLANG_ENABLE_OBJC_ARC = YES;
				CLANG_ENABLE_OBJC_WEAK = YES;
				CLANG_WARN_BLOCK_CAPTURE_AUTORELEASING = YES;
				CLANG_WARN_BOOL_CONVERSION = YES;
				CLANG_WARN_COMMA = YES;
				CLANG_WARN_CONSTANT_CONVERSION = YES;
				CLANG_WARN_DEPRECATED_OBJC_IMPLEMENTATIONS = YES;
				CLANG_WARN_DIRECT_OBJC_ISA_USAGE = YES_ERROR;
				CLANG_WARN_DOCUMENTATION_COMMENTS = YES;
				CLANG_WARN_EMPTY_BODY = YES;
				CLANG_WARN_ENUM_CONVERSION = YES;
				CLANG_WARN_INFINITE_RECURSION = YES;
				CLANG_WARN_INT_CONVERSION = YES;
				CLANG_WARN_NON_LITERAL_NULL_CONVERSION = YES;
				CLANG_WARN_OBJC_IMPLICIT_RETAIN_SELF = YES;
				CLANG_WARN_OBJC_LITERAL_CONVERSION = YES;
				CLANG_WARN_OBJC_ROOT_CLASS = YES_ERROR;
				CLANG_WARN_QUOTED_INCLUDE_IN_FRAMEWORK_HEADER = YES;
				CLANG_WARN_RANGE_LOOP_ANALYSIS = YES;
				CLANG_WARN_STRICT_PROTOTYPES = YES;
				CLANG_WARN_SUSPICIOUS_MOVE = YES;
				CLANG_WARN_UNGUARDED_AVAILABILITY = YES_AGGRESSIVE;
				CLANG_WARN_UNREACHABLE_CODE = YES;
				CLANG_WARN__DUPLICATE_METHOD_MATCH = YES;
				COPY_PHASE_STRIP = NO;
				DEBUG_INFORMATION_FORMAT = dwarf;
				ENABLE_STRICT_OBJC_MSGSEND = YES;
				ENABLE_TESTABILITY = YES;
				ENABLE_USER_SCRIPT_SANDBOXING = YES;
				GCC_C_LANGUAGE_STANDARD = gnu17;
				GCC_DYNAMIC_NO_PIC = NO;
				GCC_NO_COMMON_BLOCKS = YES;
				GCC_OPTIMIZATION_LEVEL = 0;
				GCC_PREPROCESSOR_DEFINITIONS = (
					"DEBUG=1",
					"$(inherited)",
				);
				GCC_WARN_64_TO_32_BIT_CONVERSION = YES;
				GCC_WARN_ABOUT_RETURN_TYPE = YES_ERROR;
				GCC_WARN_UNDECLARED_SELECTOR = YES;
				GCC_WARN_UNINITIALIZED_AUTOS = YES_AGGRESSIVE;
				GCC_WARN_UNUSED_FUNCTION = YES;
				GCC_WARN_UNUSED_VARIABLE = YES;
				IPHONEOS_DEPLOYMENT_TARGET = 18.2;
				LOCALIZATION_PREFERS_STRING_CATALOGS = YES;
				MTL_ENABLE_DEBUG_INFO = INCLUDE_SOURCE;
				MTL_FAST_MATH = YES;
				ONLY_ACTIVE_ARCH = YES;
				SDKROOT = iphoneos;
				SWIFT_ACTIVE_COMPILATION_CONDITIONS = "DEBUG $(inherited)";
				SWIFT_OPTIMIZATION_LEVEL = "-Onone";
			};
			name = Debug;
		};
		429518842D303D4F00D9A43A /* Release */ = {
			isa = XCBuildConfiguration;
			buildSettings = {
				ALWAYS_SEARCH_USER_PATHS = NO;
				ASSETCATALOG_COMPILER_GENERATE_SWIFT_ASSET_SYMBOL_EXTENSIONS = YES;
				CLANG_ANALYZER_NONNULL = YES;
				CLANG_ANALYZER_NUMBER_OBJECT_CONVERSION = YES_AGGRESSIVE;
				CLANG_CXX_LANGUAGE_STANDARD = "gnu++20";
				CLANG_ENABLE_MODULES = YES;
				CLANG_ENABLE_OBJC_ARC = YES;
				CLANG_ENABLE_OBJC_WEAK = YES;
				CLANG_WARN_BLOCK_CAPTURE_AUTORELEASING = YES;
				CLANG_WARN_BOOL_CONVERSION = YES;
				CLANG_WARN_COMMA = YES;
				CLANG_WARN_CONSTANT_CONVERSION = YES;
				CLANG_WARN_DEPRECATED_OBJC_IMPLEMENTATIONS = YES;
				CLANG_WARN_DIRECT_OBJC_ISA_USAGE = YES_ERROR;
				CLANG_WARN_DOCUMENTATION_COMMENTS = YES;
				CLANG_WARN_EMPTY_BODY = YES;
				CLANG_WARN_ENUM_CONVERSION = YES;
				CLANG_WARN_INFINITE_RECURSION = YES;
				CLANG_WARN_INT_CONVERSION = YES;
				CLANG_WARN_NON_LITERAL_NULL_CONVERSION = YES;
				CLANG_WARN_OBJC_IMPLICIT_RETAIN_SELF = YES;
				CLANG_WARN_OBJC_LITERAL_CONVERSION = YES;
				CLANG_WARN_OBJC_ROOT_CLASS = YES_ERROR;
				CLANG_WARN_QUOTED_INCLUDE_IN_FRAMEWORK_HEADER = YES;
				CLANG_WARN_RANGE_LOOP_ANALYSIS = YES;
				CLANG_WARN_STRICT_PROTOTYPES = YES;
				CLANG_WARN_SUSPICIOUS_MOVE = YES;
				CLANG_WARN_UNGUARDED_AVAILABILITY = YES_AGGRESSIVE;
				CLANG_WARN_UNREACHABLE_CODE = YES;
				CLANG_WARN__DUPLICATE_METHOD_MATCH = YES;
				COPY_PHASE_STRIP = NO;
				DEBUG_INFORMATION_FORMAT = "dwarf-with-dsym";
				ENABLE_NS_ASSERTIONS = NO;
				ENABLE_STRICT_OBJC_MSGSEND = YES;
				ENABLE_USER_SCRIPT_SANDBOXING = YES;
				GCC_C_LANGUAGE_STANDARD = gnu17;
				GCC_NO_COMMON_BLOCKS = YES;
				GCC_WARN_64_TO_32_BIT_CONVERSION = YES;
				GCC_WARN_ABOUT_RETURN_TYPE = YES_ERROR;
				GCC_WARN_UNDECLARED_SELECTOR = YES;
				GCC_WARN_UNINITIALIZED_AUTOS = YES_AGGRESSIVE;
				GCC_WARN_UNUSED_FUNCTION = YES;
				GCC_WARN_UNUSED_VARIABLE = YES;
				IPHONEOS_DEPLOYMENT_TARGET = 18.2;
				LOCALIZATION_PREFERS_STRING_CATALOGS = YES;
				MTL_ENABLE_DEBUG_INFO = NO;
				MTL_FAST_MATH = YES;
				SDKROOT = iphoneos;
				SWIFT_COMPILATION_MODE = wholemodule;
				VALIDATE_PRODUCT = YES;
			};
			name = Release;
		};
		429518862D303D4F00D9A43A /* Debug */ = {
			isa = XCBuildConfiguration;
			buildSettings = {
				ASSETCATALOG_COMPILER_APPICON_NAME = AppIcon;
				ASSETCATALOG_COMPILER_GLOBAL_ACCENT_COLOR_NAME = AccentColor;
				CODE_SIGN_STYLE = Automatic;
				CURRENT_PROJECT_VERSION = 1;
				DEVELOPMENT_ASSET_PATHS = "\"MyDictionay/Preview Content\"";
				ENABLE_PREVIEWS = YES;
				GENERATE_INFOPLIST_FILE = YES;
				INFOPLIST_KEY_UIApplicationSceneManifest_Generation = YES;
				INFOPLIST_KEY_UIApplicationSupportsIndirectInputEvents = YES;
				INFOPLIST_KEY_UILaunchScreen_Generation = YES;
				INFOPLIST_KEY_UISupportedInterfaceOrientations_iPad = "UIInterfaceOrientationPortrait UIInterfaceOrientationPortraitUpsideDown UIInterfaceOrientationLandscapeLeft UIInterfaceOrientationLandscapeRight";
				INFOPLIST_KEY_UISupportedInterfaceOrientations_iPhone = "UIInterfaceOrientationPortrait UIInterfaceOrientationLandscapeLeft UIInterfaceOrientationLandscapeRight";
				LD_RUNPATH_SEARCH_PATHS = (
					"$(inherited)",
					"@executable_path/Frameworks",
				);
				MARKETING_VERSION = 1.0;
				PRODUCT_BUNDLE_IDENTIFIER = com.sample.test.MyDictionay;
				PRODUCT_NAME = "$(TARGET_NAME)";
				SWIFT_EMIT_LOC_STRINGS = YES;
				SWIFT_VERSION = 5.0;
				TARGETED_DEVICE_FAMILY = "1,2";
			};
			name = Debug;
		};
		429518872D303D4F00D9A43A /* Release */ = {
			isa = XCBuildConfiguration;
			buildSettings = {
				ASSETCATALOG_COMPILER_APPICON_NAME = AppIcon;
				ASSETCATALOG_COMPILER_GLOBAL_ACCENT_COLOR_NAME = AccentColor;
				CODE_SIGN_STYLE = Automatic;
				CURRENT_PROJECT_VERSION = 1;
				DEVELOPMENT_ASSET_PATHS = "\"MyDictionay/Preview Content\"";
				ENABLE_PREVIEWS = YES;
				GENERATE_INFOPLIST_FILE = YES;
				INFOPLIST_KEY_UIApplicationSceneManifest_Generation = YES;
				INFOPLIST_KEY_UIApplicationSupportsIndirectInputEvents = YES;
				INFOPLIST_KEY_UILaunchScreen_Generation = YES;
				INFOPLIST_KEY_UISupportedInterfaceOrientations_iPad = "UIInterfaceOrientationPortrait UIInterfaceOrientationPortraitUpsideDown UIInterfaceOrientationLandscapeLeft UIInterfaceOrientationLandscapeRight";
				INFOPLIST_KEY_UISupportedInterfaceOrientations_iPhone = "UIInterfaceOrientationPortrait UIInterfaceOrientationLandscapeLeft UIInterfaceOrientationLandscapeRight";
				LD_RUNPATH_SEARCH_PATHS = (
					"$(inherited)",
					"@executable_path/Frameworks",
				);
				MARKETING_VERSION = 1.0;
				PRODUCT_BUNDLE_IDENTIFIER = com.sample.test.MyDictionay;
				PRODUCT_NAME = "$(TARGET_NAME)";
				SWIFT_EMIT_LOC_STRINGS = YES;
				SWIFT_VERSION = 5.0;
				TARGETED_DEVICE_FAMILY = "1,2";
			};
			name = Release;
		};
		429518892D303D4F00D9A43A /* Debug */ = {
			isa = XCBuildConfiguration;
			buildSettings = {
				BUNDLE_LOADER = "$(TEST_HOST)";
				CODE_SIGN_STYLE = Automatic;
				CURRENT_PROJECT_VERSION = 1;
				GENERATE_INFOPLIST_FILE = YES;
				IPHONEOS_DEPLOYMENT_TARGET = 18.2;
				MARKETING_VERSION = 1.0;
				PRODUCT_BUNDLE_IDENTIFIER = com.sample.test.MyDictionayTests;
				PRODUCT_NAME = "$(TARGET_NAME)";
				SWIFT_EMIT_LOC_STRINGS = NO;
				SWIFT_VERSION = 5.0;
				TARGETED_DEVICE_FAMILY = "1,2";
				TEST_HOST = "$(BUILT_PRODUCTS_DIR)/MyDictionay.app/$(BUNDLE_EXECUTABLE_FOLDER_PATH)/MyDictionay";
			};
			name = Debug;
		};
		4295188A2D303D4F00D9A43A /* Release */ = {
			isa = XCBuildConfiguration;
			buildSettings = {
				BUNDLE_LOADER = "$(TEST_HOST)";
				CODE_SIGN_STYLE = Automatic;
				CURRENT_PROJECT_VERSION = 1;
				GENERATE_INFOPLIST_FILE = YES;
				IPHONEOS_DEPLOYMENT_TARGET = 18.2;
				MARKETING_VERSION = 1.0;
				PRODUCT_BUNDLE_IDENTIFIER = com.sample.test.MyDictionayTests;
				PRODUCT_NAME = "$(TARGET_NAME)";
				SWIFT_EMIT_LOC_STRINGS = NO;
				SWIFT_VERSION = 5.0;
				TARGETED_DEVICE_FAMILY = "1,2";
				TEST_HOST = "$(BUILT_PRODUCTS_DIR)/MyDictionay.app/$(BUNDLE_EXECUTABLE_FOLDER_PATH)/MyDictionay";
			};
			name = Release;
		};
		4295188C2D303D4F00D9A43A /* Debug */ = {
			isa = XCBuildConfiguration;
			buildSettings = {
				CODE_SIGN_STYLE = Automatic;
				CURRENT_PROJECT_VERSION = 1;
				GENERATE_INFOPLIST_FILE = YES;
				MARKETING_VERSION = 1.0;
				PRODUCT_BUNDLE_IDENTIFIER = com.sample.test.MyDictionayUITests;
				PRODUCT_NAME = "$(TARGET_NAME)";
				SWIFT_EMIT_LOC_STRINGS = NO;
				SWIFT_VERSION = 5.0;
				TARGETED_DEVICE_FAMILY = "1,2";
				TEST_TARGET_NAME = MyDictionay;
			};
			name = Debug;
		};
		4295188D2D303D4F00D9A43A /* Release */ = {
			isa = XCBuildConfiguration;
			buildSettings = {
				CODE_SIGN_STYLE = Automatic;
				CURRENT_PROJECT_VERSION = 1;
				GENERATE_INFOPLIST_FILE = YES;
				MARKETING_VERSION = 1.0;
				PRODUCT_BUNDLE_IDENTIFIER = com.sample.test.MyDictionayUITests;
				PRODUCT_NAME = "$(TARGET_NAME)";
				SWIFT_EMIT_LOC_STRINGS = NO;
				SWIFT_VERSION = 5.0;
				TARGETED_DEVICE_FAMILY = "1,2";
				TEST_TARGET_NAME = MyDictionay;
			};
			name = Release;
		};
/* End XCBuildConfiguration section */

/* Begin XCConfigurationList section */
		4295185C2D303D4C00D9A43A /* Build configuration list for PBXProject "MyDictionay" */ = {
			isa = XCConfigurationList;
			buildConfigurations = (
				429518832D303D4F00D9A43A /* Debug */,
				429518842D303D4F00D9A43A /* Release */,
			);
			defaultConfigurationIsVisible = 0;
			defaultConfigurationName = Release;
		};
		429518852D303D4F00D9A43A /* Build configuration list for PBXNativeTarget "MyDictionay" */ = {
			isa = XCConfigurationList;
			buildConfigurations = (
				429518862D303D4F00D9A43A /* Debug */,
				429518872D303D4F00D9A43A /* Release */,
			);
			defaultConfigurationIsVisible = 0;
			defaultConfigurationName = Release;
		};
		429518882D303D4F00D9A43A /* Build configuration list for PBXNativeTarget "MyDictionayTests" */ = {
			isa = XCConfigurationList;
			buildConfigurations = (
				429518892D303D4F00D9A43A /* Debug */,
				4295188A2D303D4F00D9A43A /* Release */,
			);
			defaultConfigurationIsVisible = 0;
			defaultConfigurationName = Release;
		};
		4295188B2D303D4F00D9A43A /* Build configuration list for PBXNativeTarget "MyDictionayUITests" */ = {
			isa = XCConfigurationList;
			buildConfigurations = (
				4295188C2D303D4F00D9A43A /* Debug */,
				4295188D2D303D4F00D9A43A /* Release */,
			);
			defaultConfigurationIsVisible = 0;
			defaultConfigurationName = Release;
		};
/* End XCConfigurationList section */
	};
	rootObject = 429518592D303D4C00D9A43A /* Project object */;
}
